
Microsoft Visual Studio Solution File, Format Version 12.00
# Visual Studio Version 17
VisualStudioVersion = 17.4.33213.308
MinimumVisualStudioVersion = 10.0.40219.1
Project("{9A19103F-16F7-4668-BE54-9A1E7A4F7556}") = "PavEcsGame.Components", "PavEcsGame.Components\PavEcsGame.Components.csproj", "{772CDD2E-EF65-44E5-9B43-A3D90453396F}"
EndProject
Project("{9A19103F-16F7-4668-BE54-9A1E7A4F7556}") = "PavEcsGame.Lite", "PavEcsLiteGame\PavEcsGame.Lite.csproj", "{6121D5D4-C92E-4D49-B670-DF877E7969D0}"
	ProjectSection(ProjectDependencies) = postProject
		{DA6043CE-C521-4455-9866-5ECA013905C1} = {DA6043CE-C521-4455-9866-5ECA013905C1}
	EndProjectSection
EndProject
Project("{9A19103F-16F7-4668-BE54-9A1E7A4F7556}") = "PavEcsGame.Common", "PavEcsGame.Common\PavEcsGame.Common.csproj", "{7A3E2D62-BE03-45BF-945C-3C6562097AAA}"
EndProject
Project("{9A19103F-16F7-4668-BE54-9A1E7A4F7556}") = "PavEcsSpec.EcsLite", "PavEcsSpec.EcsLite\PavEcsSpec.EcsLite.csproj", "{DA6043CE-C521-4455-9866-5ECA013905C1}"
EndProject
Project("{9A19103F-16F7-4668-BE54-9A1E7A4F7556}") = "Leopotam.EcsLite", "leo\Leopotam.EcsLite.csproj", "{1B045440-8FD8-4606-A5B9-504E253D858D}"
EndProject
Global
	GlobalSection(SolutionConfigurationPlatforms) = preSolution
		Debug|Any CPU = Debug|Any CPU
		Release|Any CPU = Release|Any CPU
	EndGlobalSection
	GlobalSection(ProjectConfigurationPlatforms) = postSolution
		{772CDD2E-EF65-44E5-9B43-A3D90453396F}.Debug|Any CPU.ActiveCfg = Debug|Any CPU
		{772CDD2E-EF65-44E5-9B43-A3D90453396F}.Debug|Any CPU.Build.0 = Debug|Any CPU
		{772CDD2E-EF65-44E5-9B43-A3D90453396F}.Release|Any CPU.ActiveCfg = Release|Any CPU
		{772CDD2E-EF65-44E5-9B43-A3D90453396F}.Release|Any CPU.Build.0 = Release|Any CPU
		{6121D5D4-C92E-4D49-B670-DF877E7969D0}.Debug|Any CPU.ActiveCfg = Debug|Any CPU
		{6121D5D4-C92E-4D49-B670-DF877E7969D0}.Debug|Any CPU.Build.0 = Debug|Any CPU
		{6121D5D4-C92E-4D49-B670-DF877E7969D0}.Release|Any CPU.ActiveCfg = Release|Any CPU
		{6121D5D4-C92E-4D49-B670-DF877E7969D0}.Release|Any CPU.Build.0 = Release|Any CPU
		{7A3E2D62-BE03-45BF-945C-3C6562097AAA}.Debug|Any CPU.ActiveCfg = Debug|Any CPU
		{7A3E2D62-BE03-45BF-945C-3C6562097AAA}.Debug|Any CPU.Build.0 = Debug|Any CPU
		{7A3E2D62-BE03-45BF-945C-3C6562097AAA}.Release|Any CPU.ActiveCfg = Release|Any CPU
		{7A3E2D62-BE03-45BF-945C-3C6562097AAA}.Release|Any CPU.Build.0 = Release|Any CPU
		{DA6043CE-C521-4455-9866-5ECA013905C1}.Debug|Any CPU.ActiveCfg = Debug|Any CPU
		{DA6043CE-C521-4455-9866-5ECA013905C1}.Debug|Any CPU.Build.0 = Debug|Any CPU
		{DA6043CE-C521-4455-9866-5ECA013905C1}.Release|Any CPU.ActiveCfg = Release|Any CPU
		{DA6043CE-C521-4455-9866-5ECA013905C1}.Release|Any CPU.Build.0 = Release|Any CPU
		{1B045440-8FD8-4606-A5B9-504E253D858D}.Debug|Any CPU.ActiveCfg = Debug|Any CPU
		{1B045440-8FD8-4606-A5B9-504E253D858D}.Debug|Any CPU.Build.0 = Debug|Any CPU
		{1B045440-8FD8-4606-A5B9-504E253D858D}.Release|Any CPU.ActiveCfg = Release|Any CPU
		{1B045440-8FD8-4606-A5B9-504E253D858D}.Release|Any CPU.Build.0 = Release|Any CPU
	EndGlobalSection
	GlobalSection(SolutionProperties) = preSolution
		HideSolutionNode = FALSE
	EndGlobalSection
	GlobalSection(ExtensibilityGlobals) = postSolution
		SolutionGuid = {8C3E22EC-F63B-4D8D-B3C0-A683CA81E06F}
	EndGlobalSection
EndGlobal
